
Microsoft Visual Studio Solution File, Format Version 12.00
# Visual Studio Version 16
VisualStudioVersion = 16.0.29306.81
MinimumVisualStudioVersion = 10.0.40219.1
Project("{FAE04EC0-301F-11D3-BF4B-00C04F79EFBC}") = "Chris3D.UI.Web", "Chris3D.UI.Web\Chris3D.UI.Web.csproj", "{72068596-CEDC-4560-ABD6-56D78D2CDAA6}"
EndProject
Global
	GlobalSection(SolutionConfigurationPlatforms) = preSolution
		Debug|Any CPU = Debug|Any CPU
		Release|Any CPU = Release|Any CPU
	EndGlobalSection
	GlobalSection(ProjectConfigurationPlatforms) = postSolution
		{72068596-CEDC-4560-ABD6-56D78D2CDAA6}.Debug|Any CPU.ActiveCfg = Debug|Any CPU
		{72068596-CEDC-4560-ABD6-56D78D2CDAA6}.Debug|Any CPU.Build.0 = Debug|Any CPU
		{72068596-CEDC-4560-ABD6-56D78D2CDAA6}.Release|Any CPU.ActiveCfg = Release|Any CPU
		{72068596-CEDC-4560-ABD6-56D78D2CDAA6}.Release|Any CPU.Build.0 = Release|Any CPU
	EndGlobalSection
	GlobalSection(SolutionProperties) = preSolution
		HideSolutionNode = FALSE
	EndGlobalSection
	GlobalSection(ExtensibilityGlobals) = postSolution
		SolutionGuid = {9459A61F-92F0-4D02-91E7-E22903F052C5}
	EndGlobalSection
EndGlobal
